
Microsoft Visual Studio Solution File, Format Version 12.00
# Visual Studio Version 17
VisualStudioVersion = 17.14.36203.30 d17.14
MinimumVisualStudioVersion = 10.0.40219.1
Project("{FAE04EC0-301F-11D3-BF4B-00C04F79EFBC}") = "StringPalindrome", "StringPalindrome\StringPalindrome.csproj", "{BFFE545D-2C89-4EF4-87F4-4240166F88EC}"
EndProject
Global
	GlobalSection(SolutionConfigurationPlatforms) = preSolution
		Debug|Any CPU = Debug|Any CPU
		Release|Any CPU = Release|Any CPU
	EndGlobalSection
	GlobalSection(ProjectConfigurationPlatforms) = postSolution
		{BFFE545D-2C89-4EF4-87F4-4240166F88EC}.Debug|Any CPU.ActiveCfg = Debug|Any CPU
		{BFFE545D-2C89-4EF4-87F4-4240166F88EC}.Debug|Any CPU.Build.0 = Debug|Any CPU
		{BFFE545D-2C89-4EF4-87F4-4240166F88EC}.Release|Any CPU.ActiveCfg = Release|Any CPU
		{BFFE545D-2C89-4EF4-87F4-4240166F88EC}.Release|Any CPU.Build.0 = Release|Any CPU
	EndGlobalSection
	GlobalSection(SolutionProperties) = preSolution
		HideSolutionNode = FALSE
	EndGlobalSection
	GlobalSection(ExtensibilityGlobals) = postSolution
		SolutionGuid = {A7FD9486-D191-41F0-BC91-C779B3397083}
	EndGlobalSection
EndGlobal
