
Microsoft Visual Studio Solution File, Format Version 12.00
# Visual Studio Version 17
VisualStudioVersion = 17.14.36203.30 d17.14
MinimumVisualStudioVersion = 10.0.40219.1
Project("{FAE04EC0-301F-11D3-BF4B-00C04F79EFBC}") = "PocChainingBoxUnbox", "PocChainingBoxUnbox\PocChainingBoxUnbox.csproj", "{E542FF5D-B05A-40C1-8916-2613CE8711AE}"
EndProject
Global
	GlobalSection(SolutionConfigurationPlatforms) = preSolution
		Debug|Any CPU = Debug|Any CPU
		Release|Any CPU = Release|Any CPU
	EndGlobalSection
	GlobalSection(ProjectConfigurationPlatforms) = postSolution
		{E542FF5D-B05A-40C1-8916-2613CE8711AE}.Debug|Any CPU.ActiveCfg = Debug|Any CPU
		{E542FF5D-B05A-40C1-8916-2613CE8711AE}.Debug|Any CPU.Build.0 = Debug|Any CPU
		{E542FF5D-B05A-40C1-8916-2613CE8711AE}.Release|Any CPU.ActiveCfg = Release|Any CPU
		{E542FF5D-B05A-40C1-8916-2613CE8711AE}.Release|Any CPU.Build.0 = Release|Any CPU
	EndGlobalSection
	GlobalSection(SolutionProperties) = preSolution
		HideSolutionNode = FALSE
	EndGlobalSection
	GlobalSection(ExtensibilityGlobals) = postSolution
		SolutionGuid = {20F1FAA4-B1C6-4956-8D3B-AF60D8FD9461}
	EndGlobalSection
EndGlobal
