
Microsoft Visual Studio Solution File, Format Version 12.00
# Visual Studio Version 17
VisualStudioVersion = 17.14.36203.30 d17.14
MinimumVisualStudioVersion = 10.0.40219.1
Project("{FAE04EC0-301F-11D3-BF4B-00C04F79EFBC}") = "BasicStatsCommandLineArgs", "BasicStatsCommandLineArgs\BasicStatsCommandLineArgs.csproj", "{4C334B39-E007-454D-9165-761FDEFA9199}"
EndProject
Global
	GlobalSection(SolutionConfigurationPlatforms) = preSolution
		Debug|Any CPU = Debug|Any CPU
		Release|Any CPU = Release|Any CPU
	EndGlobalSection
	GlobalSection(ProjectConfigurationPlatforms) = postSolution
		{4C334B39-E007-454D-9165-761FDEFA9199}.Debug|Any CPU.ActiveCfg = Debug|Any CPU
		{4C334B39-E007-454D-9165-761FDEFA9199}.Debug|Any CPU.Build.0 = Debug|Any CPU
		{4C334B39-E007-454D-9165-761FDEFA9199}.Release|Any CPU.ActiveCfg = Release|Any CPU
		{4C334B39-E007-454D-9165-761FDEFA9199}.Release|Any CPU.Build.0 = Release|Any CPU
	EndGlobalSection
	GlobalSection(SolutionProperties) = preSolution
		HideSolutionNode = FALSE
	EndGlobalSection
	GlobalSection(ExtensibilityGlobals) = postSolution
		SolutionGuid = {AA8023E9-4327-436E-831B-D8F1413DE631}
	EndGlobalSection
EndGlobal
