
Microsoft Visual Studio Solution File, Format Version 12.00
# Visual Studio Version 17
VisualStudioVersion = 17.14.36203.30 d17.14
MinimumVisualStudioVersion = 10.0.40219.1
Project("{FAE04EC0-301F-11D3-BF4B-00C04F79EFBC}") = "StudentGrading", "StudentGrading\StudentGrading.csproj", "{CA317F79-AEE8-400C-A22B-CBE67A16D395}"
EndProject
Global
	GlobalSection(SolutionConfigurationPlatforms) = preSolution
		Debug|Any CPU = Debug|Any CPU
		Release|Any CPU = Release|Any CPU
	EndGlobalSection
	GlobalSection(ProjectConfigurationPlatforms) = postSolution
		{CA317F79-AEE8-400C-A22B-CBE67A16D395}.Debug|Any CPU.ActiveCfg = Debug|Any CPU
		{CA317F79-AEE8-400C-A22B-CBE67A16D395}.Debug|Any CPU.Build.0 = Debug|Any CPU
		{CA317F79-AEE8-400C-A22B-CBE67A16D395}.Release|Any CPU.ActiveCfg = Release|Any CPU
		{CA317F79-AEE8-400C-A22B-CBE67A16D395}.Release|Any CPU.Build.0 = Release|Any CPU
	EndGlobalSection
	GlobalSection(SolutionProperties) = preSolution
		HideSolutionNode = FALSE
	EndGlobalSection
	GlobalSection(ExtensibilityGlobals) = postSolution
		SolutionGuid = {B1F4DBEE-C276-4678-966C-62B9EF5CFD53}
	EndGlobalSection
EndGlobal
