
Microsoft Visual Studio Solution File, Format Version 12.00
# Visual Studio Version 17
VisualStudioVersion = 17.14.36203.30 d17.14
MinimumVisualStudioVersion = 10.0.40219.1
Project("{FAE04EC0-301F-11D3-BF4B-00C04F79EFBC}") = "SerializationDeserialization", "SerializationDeserialization\SerializationDeserialization.csproj", "{04E7E0DF-9B4C-4D4C-9045-EE07EF4E529B}"
EndProject
Global
	GlobalSection(SolutionConfigurationPlatforms) = preSolution
		Debug|Any CPU = Debug|Any CPU
		Release|Any CPU = Release|Any CPU
	EndGlobalSection
	GlobalSection(ProjectConfigurationPlatforms) = postSolution
		{04E7E0DF-9B4C-4D4C-9045-EE07EF4E529B}.Debug|Any CPU.ActiveCfg = Debug|Any CPU
		{04E7E0DF-9B4C-4D4C-9045-EE07EF4E529B}.Debug|Any CPU.Build.0 = Debug|Any CPU
		{04E7E0DF-9B4C-4D4C-9045-EE07EF4E529B}.Release|Any CPU.ActiveCfg = Release|Any CPU
		{04E7E0DF-9B4C-4D4C-9045-EE07EF4E529B}.Release|Any CPU.Build.0 = Release|Any CPU
	EndGlobalSection
	GlobalSection(SolutionProperties) = preSolution
		HideSolutionNode = FALSE
	EndGlobalSection
	GlobalSection(ExtensibilityGlobals) = postSolution
		SolutionGuid = {BD603559-2245-44A7-B5F6-FC012F7A6BE8}
	EndGlobalSection
EndGlobal
