
Microsoft Visual Studio Solution File, Format Version 12.00
# Visual Studio Version 17
VisualStudioVersion = 17.14.36203.30 d17.14
MinimumVisualStudioVersion = 10.0.40219.1
Project("{FAE04EC0-301F-11D3-BF4B-00C04F79EFBC}") = "POChybridInheritance", "POChybridInheritance\POChybridInheritance.csproj", "{A46BF114-7E41-483F-A02D-A114A3BC3AA9}"
EndProject
Global
	GlobalSection(SolutionConfigurationPlatforms) = preSolution
		Debug|Any CPU = Debug|Any CPU
		Release|Any CPU = Release|Any CPU
	EndGlobalSection
	GlobalSection(ProjectConfigurationPlatforms) = postSolution
		{A46BF114-7E41-483F-A02D-A114A3BC3AA9}.Debug|Any CPU.ActiveCfg = Debug|Any CPU
		{A46BF114-7E41-483F-A02D-A114A3BC3AA9}.Debug|Any CPU.Build.0 = Debug|Any CPU
		{A46BF114-7E41-483F-A02D-A114A3BC3AA9}.Release|Any CPU.ActiveCfg = Release|Any CPU
		{A46BF114-7E41-483F-A02D-A114A3BC3AA9}.Release|Any CPU.Build.0 = Release|Any CPU
	EndGlobalSection
	GlobalSection(SolutionProperties) = preSolution
		HideSolutionNode = FALSE
	EndGlobalSection
	GlobalSection(ExtensibilityGlobals) = postSolution
		SolutionGuid = {B38ADA32-6776-44D3-8A8D-F5E36255737B}
	EndGlobalSection
EndGlobal
